
Microsoft Visual Studio Solution File, Format Version 12.00
# Visual Studio Version 16
VisualStudioVersion = 16.0.29411.138
MinimumVisualStudioVersion = 10.0.40219.1
Project("{9A19103F-16F7-4668-BE54-9A1E7A4F7556}") = "ServiceBus.Sender", "ServiceBus.Sender\ServiceBus.Sender.csproj", "{6936758E-73A9-4E2F-B338-605D2BA79E91}"
EndProject
Project("{9A19103F-16F7-4668-BE54-9A1E7A4F7556}") = "ServiceBus.Receiver", "ServiceBus.Receiver\ServiceBus.Receiver.csproj", "{3FCCBD90-A180-4464-AD49-3BC3C1A96783}"
EndProject
Project("{9A19103F-16F7-4668-BE54-9A1E7A4F7556}") = "ServiceBus.Models", "ServiceBus.Models\ServiceBus.Models.csproj", "{3D7FF2CC-60DF-47C8-8FEB-A5F8D1FBED27}"
EndProject
Project("{FAE04EC0-301F-11D3-BF4B-00C04F79EFBC}") = "TopicsAndSubscriptions", "TopicsAndSubscriptions\TopicsAndSubscriptions.csproj", "{E9A20911-86F9-4632-88A6-791D5A374EE4}"
EndProject
Project("{2150E333-8FDC-42A3-9474-1A3956D46DE8}") = "Sessions", "Sessions", "{496FF104-9AEC-413F-BDCE-EA7C1C0FD9FA}"
EndProject
Project("{FAE04EC0-301F-11D3-BF4B-00C04F79EFBC}") = "Session.COmmon", "RfidCheckout.Config\Session.COmmon.csproj", "{8C0A621C-C749-4194-BCDB-A4533B371290}"
EndProject
Project("{FAE04EC0-301F-11D3-BF4B-00C04F79EFBC}") = "Session.Sender", "Session.Sender\Session.Sender.csproj", "{AA685A08-7649-42CA-824A-7DFA4806BB2B}"
EndProject
Project("{FAE04EC0-301F-11D3-BF4B-00C04F79EFBC}") = "Session.Reader", "Session.Reader\Session.Reader.csproj", "{4FC86C67-7863-4BDC-8CD0-99C40F0EA6DB}"
EndProject
Project("{2150E333-8FDC-42A3-9474-1A3956D46DE8}") = "RequestReponseusingSessionID", "RequestReponseusingSessionID", "{21E6D031-6E28-4464-BBDF-4BB0F205C627}"
EndProject
Project("{FAE04EC0-301F-11D3-BF4B-00C04F79EFBC}") = "ReqRes.Client", "ReqRes.Client\ReqRes.Client.csproj", "{009CAD77-6C05-4C51-8113-E2F36EC2DA56}"
EndProject
Project("{FAE04EC0-301F-11D3-BF4B-00C04F79EFBC}") = "ReqRes.Server", "ReqRes.Server\ReqRes.Server.csproj", "{CD9409B8-8A7C-4245-A163-0478CE17D411}"
EndProject
Global
	GlobalSection(SolutionConfigurationPlatforms) = preSolution
		Debug|Any CPU = Debug|Any CPU
		Release|Any CPU = Release|Any CPU
	EndGlobalSection
	GlobalSection(ProjectConfigurationPlatforms) = postSolution
		{6936758E-73A9-4E2F-B338-605D2BA79E91}.Debug|Any CPU.ActiveCfg = Debug|Any CPU
		{6936758E-73A9-4E2F-B338-605D2BA79E91}.Debug|Any CPU.Build.0 = Debug|Any CPU
		{6936758E-73A9-4E2F-B338-605D2BA79E91}.Release|Any CPU.ActiveCfg = Release|Any CPU
		{6936758E-73A9-4E2F-B338-605D2BA79E91}.Release|Any CPU.Build.0 = Release|Any CPU
		{3FCCBD90-A180-4464-AD49-3BC3C1A96783}.Debug|Any CPU.ActiveCfg = Debug|Any CPU
		{3FCCBD90-A180-4464-AD49-3BC3C1A96783}.Debug|Any CPU.Build.0 = Debug|Any CPU
		{3FCCBD90-A180-4464-AD49-3BC3C1A96783}.Release|Any CPU.ActiveCfg = Release|Any CPU
		{3FCCBD90-A180-4464-AD49-3BC3C1A96783}.Release|Any CPU.Build.0 = Release|Any CPU
		{3D7FF2CC-60DF-47C8-8FEB-A5F8D1FBED27}.Debug|Any CPU.ActiveCfg = Debug|Any CPU
		{3D7FF2CC-60DF-47C8-8FEB-A5F8D1FBED27}.Debug|Any CPU.Build.0 = Debug|Any CPU
		{3D7FF2CC-60DF-47C8-8FEB-A5F8D1FBED27}.Release|Any CPU.ActiveCfg = Release|Any CPU
		{3D7FF2CC-60DF-47C8-8FEB-A5F8D1FBED27}.Release|Any CPU.Build.0 = Release|Any CPU
		{E9A20911-86F9-4632-88A6-791D5A374EE4}.Debug|Any CPU.ActiveCfg = Debug|Any CPU
		{E9A20911-86F9-4632-88A6-791D5A374EE4}.Debug|Any CPU.Build.0 = Debug|Any CPU
		{E9A20911-86F9-4632-88A6-791D5A374EE4}.Release|Any CPU.ActiveCfg = Release|Any CPU
		{E9A20911-86F9-4632-88A6-791D5A374EE4}.Release|Any CPU.Build.0 = Release|Any CPU
		{8C0A621C-C749-4194-BCDB-A4533B371290}.Debug|Any CPU.ActiveCfg = Debug|Any CPU
		{8C0A621C-C749-4194-BCDB-A4533B371290}.Debug|Any CPU.Build.0 = Debug|Any CPU
		{8C0A621C-C749-4194-BCDB-A4533B371290}.Release|Any CPU.ActiveCfg = Release|Any CPU
		{8C0A621C-C749-4194-BCDB-A4533B371290}.Release|Any CPU.Build.0 = Release|Any CPU
		{AA685A08-7649-42CA-824A-7DFA4806BB2B}.Debug|Any CPU.ActiveCfg = Debug|Any CPU
		{AA685A08-7649-42CA-824A-7DFA4806BB2B}.Debug|Any CPU.Build.0 = Debug|Any CPU
		{AA685A08-7649-42CA-824A-7DFA4806BB2B}.Release|Any CPU.ActiveCfg = Release|Any CPU
		{AA685A08-7649-42CA-824A-7DFA4806BB2B}.Release|Any CPU.Build.0 = Release|Any CPU
		{4FC86C67-7863-4BDC-8CD0-99C40F0EA6DB}.Debug|Any CPU.ActiveCfg = Debug|Any CPU
		{4FC86C67-7863-4BDC-8CD0-99C40F0EA6DB}.Debug|Any CPU.Build.0 = Debug|Any CPU
		{4FC86C67-7863-4BDC-8CD0-99C40F0EA6DB}.Release|Any CPU.ActiveCfg = Release|Any CPU
		{4FC86C67-7863-4BDC-8CD0-99C40F0EA6DB}.Release|Any CPU.Build.0 = Release|Any CPU
		{009CAD77-6C05-4C51-8113-E2F36EC2DA56}.Debug|Any CPU.ActiveCfg = Debug|Any CPU
		{009CAD77-6C05-4C51-8113-E2F36EC2DA56}.Debug|Any CPU.Build.0 = Debug|Any CPU
		{009CAD77-6C05-4C51-8113-E2F36EC2DA56}.Release|Any CPU.ActiveCfg = Release|Any CPU
		{009CAD77-6C05-4C51-8113-E2F36EC2DA56}.Release|Any CPU.Build.0 = Release|Any CPU
		{CD9409B8-8A7C-4245-A163-0478CE17D411}.Debug|Any CPU.ActiveCfg = Debug|Any CPU
		{CD9409B8-8A7C-4245-A163-0478CE17D411}.Debug|Any CPU.Build.0 = Debug|Any CPU
		{CD9409B8-8A7C-4245-A163-0478CE17D411}.Release|Any CPU.ActiveCfg = Release|Any CPU
		{CD9409B8-8A7C-4245-A163-0478CE17D411}.Release|Any CPU.Build.0 = Release|Any CPU
	EndGlobalSection
	GlobalSection(SolutionProperties) = preSolution
		HideSolutionNode = FALSE
	EndGlobalSection
	GlobalSection(NestedProjects) = preSolution
		{8C0A621C-C749-4194-BCDB-A4533B371290} = {496FF104-9AEC-413F-BDCE-EA7C1C0FD9FA}
		{AA685A08-7649-42CA-824A-7DFA4806BB2B} = {496FF104-9AEC-413F-BDCE-EA7C1C0FD9FA}
		{4FC86C67-7863-4BDC-8CD0-99C40F0EA6DB} = {496FF104-9AEC-413F-BDCE-EA7C1C0FD9FA}
		{009CAD77-6C05-4C51-8113-E2F36EC2DA56} = {21E6D031-6E28-4464-BBDF-4BB0F205C627}
		{CD9409B8-8A7C-4245-A163-0478CE17D411} = {21E6D031-6E28-4464-BBDF-4BB0F205C627}
	EndGlobalSection
	GlobalSection(ExtensibilityGlobals) = postSolution
		SolutionGuid = {74685BAE-60B5-4C9F-8881-52A134CF1480}
	EndGlobalSection
EndGlobal
