
Microsoft Visual Studio Solution File, Format Version 12.00
# Visual Studio Version 16
VisualStudioVersion = 16.0.29411.138
MinimumVisualStudioVersion = 10.0.40219.1
Project("{9A19103F-16F7-4668-BE54-9A1E7A4F7556}") = "ServiceBus.Sender", "ServiceBus.Sender\ServiceBus.Sender.csproj", "{6936758E-73A9-4E2F-B338-605D2BA79E91}"
EndProject
Project("{9A19103F-16F7-4668-BE54-9A1E7A4F7556}") = "ServiceBus.Receiver", "ServiceBus.Receiver\ServiceBus.Receiver.csproj", "{3FCCBD90-A180-4464-AD49-3BC3C1A96783}"
EndProject
Project("{9A19103F-16F7-4668-BE54-9A1E7A4F7556}") = "ServiceBus.Models", "ServiceBus.Models\ServiceBus.Models.csproj", "{3D7FF2CC-60DF-47C8-8FEB-A5F8D1FBED27}"
EndProject
Project("{9A19103F-16F7-4668-BE54-9A1E7A4F7556}") = "TopicsAndSubscriptions", "D:\Pluralsight ZIP\azure-service-bus-in-depth\07\demos\TopicsAndSubscriptions\TopicsAndSubscriptions\TopicsAndSubscriptions.csproj", "{72C43147-8639-4856-8F25-8352CC07E55A}"
EndProject
Global
	GlobalSection(SolutionConfigurationPlatforms) = preSolution
		Debug|Any CPU = Debug|Any CPU
		Release|Any CPU = Release|Any CPU
	EndGlobalSection
	GlobalSection(ProjectConfigurationPlatforms) = postSolution
		{6936758E-73A9-4E2F-B338-605D2BA79E91}.Debug|Any CPU.ActiveCfg = Debug|Any CPU
		{6936758E-73A9-4E2F-B338-605D2BA79E91}.Debug|Any CPU.Build.0 = Debug|Any CPU
		{6936758E-73A9-4E2F-B338-605D2BA79E91}.Release|Any CPU.ActiveCfg = Release|Any CPU
		{6936758E-73A9-4E2F-B338-605D2BA79E91}.Release|Any CPU.Build.0 = Release|Any CPU
		{3FCCBD90-A180-4464-AD49-3BC3C1A96783}.Debug|Any CPU.ActiveCfg = Debug|Any CPU
		{3FCCBD90-A180-4464-AD49-3BC3C1A96783}.Debug|Any CPU.Build.0 = Debug|Any CPU
		{3FCCBD90-A180-4464-AD49-3BC3C1A96783}.Release|Any CPU.ActiveCfg = Release|Any CPU
		{3FCCBD90-A180-4464-AD49-3BC3C1A96783}.Release|Any CPU.Build.0 = Release|Any CPU
		{3D7FF2CC-60DF-47C8-8FEB-A5F8D1FBED27}.Debug|Any CPU.ActiveCfg = Debug|Any CPU
		{3D7FF2CC-60DF-47C8-8FEB-A5F8D1FBED27}.Debug|Any CPU.Build.0 = Debug|Any CPU
		{3D7FF2CC-60DF-47C8-8FEB-A5F8D1FBED27}.Release|Any CPU.ActiveCfg = Release|Any CPU
		{3D7FF2CC-60DF-47C8-8FEB-A5F8D1FBED27}.Release|Any CPU.Build.0 = Release|Any CPU
		{72C43147-8639-4856-8F25-8352CC07E55A}.Debug|Any CPU.ActiveCfg = Debug|Any CPU
		{72C43147-8639-4856-8F25-8352CC07E55A}.Debug|Any CPU.Build.0 = Debug|Any CPU
		{72C43147-8639-4856-8F25-8352CC07E55A}.Release|Any CPU.ActiveCfg = Release|Any CPU
		{72C43147-8639-4856-8F25-8352CC07E55A}.Release|Any CPU.Build.0 = Release|Any CPU
	EndGlobalSection
	GlobalSection(SolutionProperties) = preSolution
		HideSolutionNode = FALSE
	EndGlobalSection
	GlobalSection(ExtensibilityGlobals) = postSolution
		SolutionGuid = {74685BAE-60B5-4C9F-8881-52A134CF1480}
	EndGlobalSection
EndGlobal
